<?xml version="1.0" encoding="utf-8"?>
<Project ToolsVersion="4.0" xmlns="http://schemas.microsoft.com/developer/msbuild/2003">
  <ItemGroup>
    <Filter Include="리소스 파일">
      <UniqueIdentifier>{67DA6AB6-F800-4c08-8B7A-83BB121AAD01}</UniqueIdentifier>
      <Extensions>rc;ico;cur;bmp;dlg;rc2;rct;bin;rgs;gif;jpg;jpeg;jpe;resx;tiff;tif;png;wav;mfcribbon-ms</Extensions>
    </Filter>
    <Filter Include="LinkedList">
      <UniqueIdentifier>{4FC737F1-C7A5-4376-A066-2A32D752A2FF}</UniqueIdentifier>
      <Extensions>cpp;c;cc;cxx;c++;cppm;ixx;def;odl;idl;hpj;bat;asm;asmx</Extensions>
    </Filter>
    <Filter Include="DoubleLinkedList">
      <UniqueIdentifier>{93995380-89BD-4b04-88EB-625FBE52EBFB}</UniqueIdentifier>
      <Extensions>h;hh;hpp;hxx;h++;hm;inl;inc;ipp;xsd</Extensions>
    </Filter>
    <Filter Include="CircularLinkedList">
      <UniqueIdentifier>{e36d2acd-e674-4b7a-9071-205570e1a691}</UniqueIdentifier>
    </Filter>
    <Filter Include="ArrayStack">
      <UniqueIdentifier>{07e85a54-084b-4cb4-a5fd-ae76b791bfc1}</UniqueIdentifier>
    </Filter>
    <Filter Include="LinkedListStack">
      <UniqueIdentifier>{5b0a8416-c54a-4898-9c30-653657c1c764}</UniqueIdentifier>
    </Filter>
    <Filter Include="CircularQueue">
      <UniqueIdentifier>{16e7485a-6b80-41cc-b173-9e618fcb7633}</UniqueIdentifier>
    </Filter>
    <Filter Include="LinkedListQueue">
      <UniqueIdentifier>{6728b4d3-f635-43b8-b0c2-5f8aa8e300eb}</UniqueIdentifier>
    </Filter>
    <Filter Include="BinaryTree">
      <UniqueIdentifier>{96e389d6-2d9a-4f44-953b-c0a707b41429}</UniqueIdentifier>
    </Filter>
    <Filter Include="ExpressionTree">
      <UniqueIdentifier>{9a11239d-f713-465a-996d-f46b1f8c0dcc}</UniqueIdentifier>
    </Filter>
  </ItemGroup>
  <ItemGroup>
    <ClCompile Include="Test_LinkedList.cpp">
      <Filter>LinkedList</Filter>
    </ClCompile>
    <ClCompile Include="LinkedList.cpp">
      <Filter>LinkedList</Filter>
    </ClCompile>
    <ClCompile Include="JosephuswithClass.cpp">
      <Filter>CircularLinkedList</Filter>
    </ClCompile>
    <ClCompile Include="RotateQueue.cpp">
      <Filter>DoubleLinkedList</Filter>
    </ClCompile>
    <ClCompile Include="ArrayStack.cpp">
      <Filter>ArrayStack</Filter>
    </ClCompile>
    <ClCompile Include="Zero.cpp">
      <Filter>ArrayStack</Filter>
    </ClCompile>
    <ClCompile Include="LinkedListStack.cpp">
      <Filter>LinkedListStack</Filter>
    </ClCompile>
    <ClCompile Include="Stack2.cpp">
      <Filter>LinkedListStack</Filter>
    </ClCompile>
    <ClCompile Include="CircularQueue.cpp">
      <Filter>CircularQueue</Filter>
    </ClCompile>
    <ClCompile Include="Card2.cpp">
      <Filter>CircularQueue</Filter>
    </ClCompile>
    <ClCompile Include="LinkedListQueue.cpp">
      <Filter>LinkedListQueue</Filter>
    </ClCompile>
    <ClCompile Include="PrinterQueue.cpp">
      <Filter>LinkedListQueue</Filter>
    </ClCompile>
    <ClCompile Include="BinaryTree.cpp">
      <Filter>BinaryTree</Filter>
    </ClCompile>
    <ClCompile Include="MyBinaryTree.cpp">
      <Filter>BinaryTree</Filter>
    </ClCompile>
    <ClCompile Include="ExpressionTree.cpp">
      <Filter>ExpressionTree</Filter>
    </ClCompile>
    <ClCompile Include="Postorder2.cpp">
      <Filter>ExpressionTree</Filter>
    </ClCompile>
  </ItemGroup>
  <ItemGroup>
    <ClInclude Include="LinkedList.h">
      <Filter>LinkedList</Filter>
    </ClInclude>
  </ItemGroup>
</Project>